
Microsoft Visual Studio Solution File, Format Version 12.00
# Visual Studio Version 16
VisualStudioVersion = 16.0.30517.126
MinimumVisualStudioVersion = 10.0.40219.1
Project("{FAE04EC0-301F-11D3-BF4B-00C04F79EFBC}") = "KCGRiskmasterFTP", "KCGRiskmasterFTP\KCGRiskmasterFTP.csproj", "{602C178C-4627-4F80-A95B-F32ABD7D7797}"
EndProject
Global
	GlobalSection(SolutionConfigurationPlatforms) = preSolution
		Debug|Any CPU = Debug|Any CPU
		ProductionRelease|Any CPU = ProductionRelease|Any CPU
		Release|Any CPU = Release|Any CPU
	EndGlobalSection
	GlobalSection(ProjectConfigurationPlatforms) = postSolution
		{602C178C-4627-4F80-A95B-F32ABD7D7797}.Debug|Any CPU.ActiveCfg = Debug|Any CPU
		{602C178C-4627-4F80-A95B-F32ABD7D7797}.Debug|Any CPU.Build.0 = Debug|Any CPU
		{602C178C-4627-4F80-A95B-F32ABD7D7797}.ProductionRelease|Any CPU.ActiveCfg = ProductionRelease|Any CPU
		{602C178C-4627-4F80-A95B-F32ABD7D7797}.ProductionRelease|Any CPU.Build.0 = ProductionRelease|Any CPU
		{602C178C-4627-4F80-A95B-F32ABD7D7797}.Release|Any CPU.ActiveCfg = Release|Any CPU
		{602C178C-4627-4F80-A95B-F32ABD7D7797}.Release|Any CPU.Build.0 = Release|Any CPU
	EndGlobalSection
	GlobalSection(SolutionProperties) = preSolution
		HideSolutionNode = FALSE
	EndGlobalSection
	GlobalSection(ExtensibilityGlobals) = postSolution
		SolutionGuid = {C79BCCA0-AD08-47F7-A559-755E6A318024}
	EndGlobalSection
EndGlobal
